hash: 97ee75f0d700de233eeb57e28bdeb74e09145733a2eacdc2cabd33e05c7942a7
updated: 2019-03-24T18:08:06.0636972Z
imports:
- name: github.com/DataDog/zstd
  version: 1e382f59b41eebd6f592c5db4fd1958ec38a0eba
- name: github.com/davecgh/go-spew
  version: d8f796af33cc11cb798c1aaeb27a4ebc5099927d
  subpackages:
  - spew
- name: github.com/eapache/go-resiliency
  version: 842e16ec2c98ef0c59eebfe60d2d3500a793ba19
  subpackages:
  - breaker
- name: github.com/eapache/go-xerial-snappy
  version: 776d5712da21bc4762676d614db1d8a64f4238b0
- name: github.com/eapache/queue
  version: 093482f3f8ce946c05bcba64badd2c82369e084d
- name: github.com/golang/snappy
  version: 2a8bb927dd31d8daada140a5d09578521ce5c36a
- name: github.com/konsorten/go-windows-terminal-sequences
  version: f55edac94c9bbba5d6182a4be46d86a2c9b5b50e
- name: github.com/pierrec/lz4
  version: 062282ea0dcff40c9fb8525789eef9644b1fbd6e
  subpackages:
  - internal/xxh32
- name: github.com/rcrowley/go-metrics
  version: 3113b8401b8a98917cde58f8bbd42a1b1c03b1fd
- name: github.com/Shopify/sarama
  version: cbccf093cc87170622979b20a632a0dd0905bbbc
- name: github.com/sirupsen/logrus
  version: dae0fa8d5b0c810a8ab733fbd5510c7cae84eca4
- name: golang.org/x/crypto
  version: b7391e95e576cacdcdd422573063bc057239113d
  subpackages:
  - ssh/terminal
- name: golang.org/x/sys
  version: f49334f85ddcf0f08d7fb6dd7363e9e6d6b777eb
  subpackages:
  - unix
  - windows
testImports: []
